{
  "version": 4,
  "terraform_version": "1.8.1",
  "serial": 1,
  "lineage": "5eb8c10c-6817-16ff-840b-0e7f925e2bf9",
  "outputs": {},
  "resources": [
    {
      "mode": "managed",
      "type": "local_file",
      "name": "cat",
      "provider": "provider[\"registry.terraform.io/hashicorp/local\"]",
      "instances": [
        {
          "schema_version": 0,
          "attributes": {
            "content": "This is a cat file",
            "content_base64": null,
            "content_base64sha256": "7GtbH4SLKxYCqm2ubxPqgI6j38kIypDY/Vt4Dt3g9+U=",
            "content_base64sha512": "lx0OAA8IRpN5X3jAz8T0umMK6Znbq1uX/+w6OjrCQVJvjhTgzfrCrieOfy46U/vKwM51TsPLTuj+HzIEgMWw8Q==",
            "content_md5": "f6cc2686861cb53b6162e5a38b4c33ce",
            "content_sha1": "6ad17b4f28fc1e1a20436937ba09998e920b1879",
            "content_sha256": "ec6b5b1f848b2b1602aa6dae6f13ea808ea3dfc908ca90d8fd5b780edde0f7e5",
            "content_sha512": "971d0e000f084693795f78c0cfc4f4ba630ae999dbab5b97ffec3a3a3ac241526f8e14e0cdfac2ae278e7f2e3a53fbcac0ce754ec3cb4ee8fe1f320480c5b0f1",
            "directory_permission": "0777",
            "file_permission": "0777",
            "filename": "./cat.txt",
            "id": "6ad17b4f28fc1e1a20436937ba09998e920b1879",
            "sensitive_content": null,
            "source": null
          },
          "sensitive_attributes": [
            [
              {
                "type": "get_attr",
                "value": "sensitive_content"
              }
            ]
          ]
        }
      ]
    },
    {
      "mode": "managed",
      "type": "local_file",
      "name": "dog",
      "provider": "provider[\"registry.terraform.io/hashicorp/local\"]",
      "instances": [
        {
          "schema_version": 0,
          "attributes": {
            "content": "This is a dog file",
            "content_base64": null,
            "content_base64sha256": "xsv6IvCNkvMh5Gywt8HaNM/xJn8qAZYRF+40hLBSWjE=",
            "content_base64sha512": "zkg/RFaxPPUnjHM8Foi3LuqlR3Qn9ubeqtapPdv7RHS9JoaKn4WcYNZYH96teO5bH+/1MubDuhYwNlevdFsKzA==",
            "content_md5": "464e0b5e2c905559dd74a1abf648d115",
            "content_sha1": "01dc0753473f6cc6115686d6b6e6bf70b2537d05",
            "content_sha256": "c6cbfa22f08d92f321e46cb0b7c1da34cff1267f2a01961117ee3484b0525a31",
            "content_sha512": "ce483f4456b13cf5278c733c1688b72eeaa5477427f6e6deaad6a93ddbfb4474bd26868a9f859c60d6581fdead78ee5b1feff532e6c3ba16303657af745b0acc",
            "directory_permission": "0777",
            "file_permission": "0777",
            "filename": "./dog.txt",
            "id": "01dc0753473f6cc6115686d6b6e6bf70b2537d05",
            "sensitive_content": null,
            "source": null
          },
          "sensitive_attributes": [
            [
              {
                "type": "get_attr",
                "value": "sensitive_content"
              }
            ]
          ]
        }
      ]
    }
  ],
  "check_results": null
}
